
Microsoft Visual Studio Solution File, Format Version 12.00
# Visual Studio 15
VisualStudioVersion = 15.0.27004.2002
MinimumVisualStudioVersion = 10.0.40219.1
Project("{FAE04EC0-301F-11D3-BF4B-00C04F79EFBC}") = "Data", "Data\Data.csproj", "{01023D79-54C6-40D5-B4F5-47E2B77CAE93}"
EndProject
Project("{FAE04EC0-301F-11D3-BF4B-00C04F79EFBC}") = "App", "App\App.csproj", "{904A58B9-9159-4DB6-A7CB-52ACAAE4B5E4}"
EndProject
Project("{FAE04EC0-301F-11D3-BF4B-00C04F79EFBC}") = "Services", "Services\Services.csproj", "{8EDA126C-24E5-40B6-A374-9285494678CD}"
EndProject
Global
	GlobalSection(SolutionConfigurationPlatforms) = preSolution
		Debug|Any CPU = Debug|Any CPU
		Release|Any CPU = Release|Any CPU
	EndGlobalSection
	GlobalSection(ProjectConfigurationPlatforms) = postSolution
		{01023D79-54C6-40D5-B4F5-47E2B77CAE93}.Debug|Any CPU.ActiveCfg = Debug|Any CPU
		{01023D79-54C6-40D5-B4F5-47E2B77CAE93}.Debug|Any CPU.Build.0 = Debug|Any CPU
		{01023D79-54C6-40D5-B4F5-47E2B77CAE93}.Release|Any CPU.ActiveCfg = Release|Any CPU
		{01023D79-54C6-40D5-B4F5-47E2B77CAE93}.Release|Any CPU.Build.0 = Release|Any CPU
		{904A58B9-9159-4DB6-A7CB-52ACAAE4B5E4}.Debug|Any CPU.ActiveCfg = Debug|Any CPU
		{904A58B9-9159-4DB6-A7CB-52ACAAE4B5E4}.Debug|Any CPU.Build.0 = Debug|Any CPU
		{904A58B9-9159-4DB6-A7CB-52ACAAE4B5E4}.Release|Any CPU.ActiveCfg = Release|Any CPU
		{904A58B9-9159-4DB6-A7CB-52ACAAE4B5E4}.Release|Any CPU.Build.0 = Release|Any CPU
		{8EDA126C-24E5-40B6-A374-9285494678CD}.Debug|Any CPU.ActiveCfg = Debug|Any CPU
		{8EDA126C-24E5-40B6-A374-9285494678CD}.Debug|Any CPU.Build.0 = Debug|Any CPU
		{8EDA126C-24E5-40B6-A374-9285494678CD}.Release|Any CPU.ActiveCfg = Release|Any CPU
		{8EDA126C-24E5-40B6-A374-9285494678CD}.Release|Any CPU.Build.0 = Release|Any CPU
	EndGlobalSection
	GlobalSection(SolutionProperties) = preSolution
		HideSolutionNode = FALSE
	EndGlobalSection
	GlobalSection(ExtensibilityGlobals) = postSolution
		SolutionGuid = {BD962BA1-0B4F-4B22-8EFD-5F2781986152}
	EndGlobalSection
EndGlobal
